
Microsoft Visual Studio Solution File, Format Version 12.00
# Visual Studio Version 17
VisualStudioVersion = 17.4.33213.308
MinimumVisualStudioVersion = 10.0.40219.1
Project("{9A19103F-16F7-4668-BE54-9A1E7A4F7556}") = "WebApi", "src\Org.OpenAPITools\WebApi.csproj", "{AB60337C-3F3E-4CDF-80A9-0A560F2BB11A}"
EndProject
Global
	GlobalSection(SolutionConfigurationPlatforms) = preSolution
		Debug|Any CPU = Debug|Any CPU
		Release|Any CPU = Release|Any CPU
	EndGlobalSection
	GlobalSection(ProjectConfigurationPlatforms) = postSolution
		{AB60337C-3F3E-4CDF-80A9-0A560F2BB11A}.Debug|Any CPU.ActiveCfg = Debug|Any CPU
		{AB60337C-3F3E-4CDF-80A9-0A560F2BB11A}.Debug|Any CPU.Build.0 = Debug|Any CPU
		{AB60337C-3F3E-4CDF-80A9-0A560F2BB11A}.Release|Any CPU.ActiveCfg = Release|Any CPU
		{AB60337C-3F3E-4CDF-80A9-0A560F2BB11A}.Release|Any CPU.Build.0 = Release|Any CPU
	EndGlobalSection
	GlobalSection(SolutionProperties) = preSolution
		HideSolutionNode = FALSE
	EndGlobalSection
	GlobalSection(ExtensibilityGlobals) = postSolution
		SolutionGuid = {4D831DEA-6F82-4AAE-B5B5-B5919469E14E}
	EndGlobalSection
EndGlobal
